
Microsoft Visual Studio Solution File, Format Version 12.00
# Visual Studio Version 17
VisualStudioVersion = 17.8.34330.188
MinimumVisualStudioVersion = 10.0.40219.1
Project("{FAE04EC0-301F-11D3-BF4B-00C04F79EFBC}") = "CRUDApp.ConsoleApp", "CRUDApp.ConsoleApp\CRUDApp.ConsoleApp.csproj", "{AE9C9690-C332-493E-B06F-560066729EA6}"
EndProject
Global
	GlobalSection(SolutionConfigurationPlatforms) = preSolution
		Debug|Any CPU = Debug|Any CPU
		Release|Any CPU = Release|Any CPU
	EndGlobalSection
	GlobalSection(ProjectConfigurationPlatforms) = postSolution
		{AE9C9690-C332-493E-B06F-560066729EA6}.Debug|Any CPU.ActiveCfg = Debug|Any CPU
		{AE9C9690-C332-493E-B06F-560066729EA6}.Debug|Any CPU.Build.0 = Debug|Any CPU
		{AE9C9690-C332-493E-B06F-560066729EA6}.Release|Any CPU.ActiveCfg = Release|Any CPU
		{AE9C9690-C332-493E-B06F-560066729EA6}.Release|Any CPU.Build.0 = Release|Any CPU
	EndGlobalSection
	GlobalSection(SolutionProperties) = preSolution
		HideSolutionNode = FALSE
	EndGlobalSection
	GlobalSection(ExtensibilityGlobals) = postSolution
		SolutionGuid = {EFEAEA06-37A6-45DE-B10E-147BF2179334}
	EndGlobalSection
EndGlobal
